
Microsoft Visual Studio Solution File, Format Version 12.00
# Visual Studio Version 17
VisualStudioVersion = 17.0.32126.317
MinimumVisualStudioVersion = 10.0.40219.1
Project("{FAE04EC0-301F-11D3-BF4B-00C04F79EFBC}") = "ConsoleApp6", "ConsoleApp6\ConsoleApp6.csproj", "{52AAE780-018F-4054-999F-673A7DF6BA19}"
EndProject
Global
	GlobalSection(SolutionConfigurationPlatforms) = preSolution
		Debug|Any CPU = Debug|Any CPU
		Release|Any CPU = Release|Any CPU
	EndGlobalSection
	GlobalSection(ProjectConfigurationPlatforms) = postSolution
		{52AAE780-018F-4054-999F-673A7DF6BA19}.Debug|Any CPU.ActiveCfg = Debug|Any CPU
		{52AAE780-018F-4054-999F-673A7DF6BA19}.Debug|Any CPU.Build.0 = Debug|Any CPU
		{52AAE780-018F-4054-999F-673A7DF6BA19}.Release|Any CPU.ActiveCfg = Release|Any CPU
		{52AAE780-018F-4054-999F-673A7DF6BA19}.Release|Any CPU.Build.0 = Release|Any CPU
	EndGlobalSection
	GlobalSection(SolutionProperties) = preSolution
		HideSolutionNode = FALSE
	EndGlobalSection
	GlobalSection(ExtensibilityGlobals) = postSolution
		SolutionGuid = {0CF87FF8-F581-44BB-831A-8DB6031A868F}
	EndGlobalSection
EndGlobal
